// !$*UTF8*$!
{
	archiveVersion = 1;
	classes = {
	};
	objectVersion = 48;
	objects = {

/* Begin PBXBuildFile section */
		554AA7FC1FDDB16200233377 /* Media.xcassets in Resources */ = {isa = PBXBuildFile; fileRef = 554AA7FB1FDDB16200233377 /* Media.xcassets */; };
		559059281FDD13810003B647 /* main.m in Sources */ = {isa = PBXBuildFile; fileRef = 55ABC4BB1FD2CB91005278DB /* main.m */; };
		5590592A1FDD13810003B647 /* openGLView.m in Sources */ = {isa = PBXBuildFile; fileRef = 55B827BF1FD322A800DD51A3 /* openGLView.m */; };
		5590592B1FDD13810003B647 /* selectionView.m in Sources */ = {isa = PBXBuildFile; fileRef = 55DDE8C81FD6BACF00B19D89 /* selectionView.m */; };
		5590592C1FDD13810003B647 /* window.m in Sources */ = {isa = PBXBuildFile; fileRef = 55DDE8CB1FD6BC3A00B19D89 /* window.m */; };
		55FEB9202115EA9A00D8350C /* PIP.framework in Frameworks */ = {isa = PBXBuildFile; fileRef = 55FEB91F2115EA9A00D8350C /* PIP.framework */; };
/* End PBXBuildFile section */

/* Begin PBXFileReference section */
		552115841FDD120F00F90350 /* PiP.app */ = {isa = PBXFileReference; explicitFileType = wrapper.application; includeInIndex = 0; path = PiP.app; sourceTree = BUILT_PRODUCTS_DIR; };
		554AA7DC1FDDADEE00233377 /* info.plist */ = {isa = PBXFileReference; lastKnownFileType = text.plist.xml; path = info.plist; sourceTree = "<group>"; };
		554AA7FB1FDDB16200233377 /* Media.xcassets */ = {isa = PBXFileReference; lastKnownFileType = folder.assetcatalog; path = Media.xcassets; sourceTree = "<group>"; };
		55ABC4BB1FD2CB91005278DB /* main.m */ = {isa = PBXFileReference; lastKnownFileType = sourcecode.c.objc; path = main.m; sourceTree = "<group>"; };
		55ABC4C81FD2D3C5005278DB /* CoreGraphics.framework */ = {isa = PBXFileReference; lastKnownFileType = wrapper.framework; name = CoreGraphics.framework; path = System/Library/Frameworks/CoreGraphics.framework; sourceTree = SDKROOT; };
		55ABC4CA1FD2DB73005278DB /* Cocoa.framework */ = {isa = PBXFileReference; lastKnownFileType = wrapper.framework; name = Cocoa.framework; path = System/Library/Frameworks/Cocoa.framework; sourceTree = SDKROOT; };
		55B827BE1FD3228500DD51A3 /* openGLView.h */ = {isa = PBXFileReference; lastKnownFileType = sourcecode.c.h; path = openGLView.h; sourceTree = "<group>"; };
		55B827BF1FD322A800DD51A3 /* openGLView.m */ = {isa = PBXFileReference; lastKnownFileType = sourcecode.c.objc; path = openGLView.m; sourceTree = "<group>"; };
		55D766F81FDB157100CA39E9 /* common.h */ = {isa = PBXFileReference; lastKnownFileType = sourcecode.c.h; path = common.h; sourceTree = "<group>"; };
		55DDE8C71FD6BAA400B19D89 /* selectionView.h */ = {isa = PBXFileReference; lastKnownFileType = sourcecode.c.h; path = selectionView.h; sourceTree = "<group>"; };
		55DDE8C81FD6BACF00B19D89 /* selectionView.m */ = {isa = PBXFileReference; lastKnownFileType = sourcecode.c.objc; path = selectionView.m; sourceTree = "<group>"; };
		55DDE8CA1FD6BB3E00B19D89 /* window.h */ = {isa = PBXFileReference; lastKnownFileType = sourcecode.c.h; path = window.h; sourceTree = "<group>"; };
		55DDE8CB1FD6BC3A00B19D89 /* window.m */ = {isa = PBXFileReference; lastKnownFileType = sourcecode.c.objc; path = window.m; sourceTree = "<group>"; };
		55FEB91F2115EA9A00D8350C /* PIP.framework */ = {isa = PBXFileReference; lastKnownFileType = wrapper.framework; name = PIP.framework; path = /System/Library/PrivateFrameworks/PIP.framework; sourceTree = "<group>"; };
		55FEB9212115ECCC00D8350C /* pip.h */ = {isa = PBXFileReference; lastKnownFileType = sourcecode.c.h; path = pip.h; sourceTree = "<group>"; };
/* End PBXFileReference section */

/* Begin PBXFrameworksBuildPhase section */
		552115811FDD120F00F90350 /* Frameworks */ = {
			isa = PBXFrameworksBuildPhase;
			buildActionMask = 2147483647;
			files = (
				55FEB9202115EA9A00D8350C /* PIP.framework in Frameworks */,
			);
			runOnlyForDeploymentPostprocessing = 0;
		};
/* End PBXFrameworksBuildPhase section */

/* Begin PBXGroup section */
		55ABC4AF1FD2CB91005278DB = {
			isa = PBXGroup;
			children = (
				55ABC4BA1FD2CB91005278DB /* pip */,
				55ABC4B91FD2CB91005278DB /* Products */,
				55ABC4C21FD2D2DD005278DB /* Frameworks */,
			);
			sourceTree = "<group>";
		};
		55ABC4B91FD2CB91005278DB /* Products */ = {
			isa = PBXGroup;
			children = (
				552115841FDD120F00F90350 /* PiP.app */,
			);
			name = Products;
			sourceTree = "<group>";
		};
		55ABC4BA1FD2CB91005278DB /* pip */ = {
			isa = PBXGroup;
			children = (
				55ABC4BB1FD2CB91005278DB /* main.m */,
				55B827BE1FD3228500DD51A3 /* openGLView.h */,
				55B827BF1FD322A800DD51A3 /* openGLView.m */,
				55FEB9212115ECCC00D8350C /* pip.h */,
				55DDE8C71FD6BAA400B19D89 /* selectionView.h */,
				55DDE8C81FD6BACF00B19D89 /* selectionView.m */,
				55DDE8CA1FD6BB3E00B19D89 /* window.h */,
				55DDE8CB1FD6BC3A00B19D89 /* window.m */,
				55D766F81FDB157100CA39E9 /* common.h */,
				554AA7DC1FDDADEE00233377 /* info.plist */,
				554AA7FB1FDDB16200233377 /* Media.xcassets */,
			);
			path = pip;
			sourceTree = "<group>";
		};
		55ABC4C21FD2D2DD005278DB /* Frameworks */ = {
			isa = PBXGroup;
			children = (
				55FEB91F2115EA9A00D8350C /* PIP.framework */,
				55ABC4CA1FD2DB73005278DB /* Cocoa.framework */,
				55ABC4C81FD2D3C5005278DB /* CoreGraphics.framework */,
			);
			name = Frameworks;
			sourceTree = "<group>";
		};
/* End PBXGroup section */

/* Begin PBXNativeTarget section */
		552115831FDD120F00F90350 /* PiP */ = {
			isa = PBXNativeTarget;
			buildConfigurationList = 552115941FDD120F00F90350 /* Build configuration list for PBXNativeTarget "PiP" */;
			buildPhases = (
				552115801FDD120F00F90350 /* Sources */,
				552115811FDD120F00F90350 /* Frameworks */,
				552115821FDD120F00F90350 /* Resources */,
			);
			buildRules = (
			);
			dependencies = (
			);
			name = PiP;
			productName = PiP;
			productReference = 552115841FDD120F00F90350 /* PiP.app */;
			productType = "com.apple.product-type.application";
		};
/* End PBXNativeTarget section */

/* Begin PBXProject section */
		55ABC4B01FD2CB91005278DB /* Project object */ = {
			isa = PBXProject;
			attributes = {
				LastUpgradeCheck = 0920;
				ORGANIZATIONNAME = boggyb;
				TargetAttributes = {
					552115831FDD120F00F90350 = {
						CreatedOnToolsVersion = 9.0.1;
						ProvisioningStyle = Automatic;
					};
				};
			};
			buildConfigurationList = 55ABC4B31FD2CB91005278DB /* Build configuration list for PBXProject "pip" */;
			compatibilityVersion = "Xcode 8.0";
			developmentRegion = en;
			hasScannedForEncodings = 0;
			knownRegions = (
				en,
				Base,
			);
			mainGroup = 55ABC4AF1FD2CB91005278DB;
			productRefGroup = 55ABC4B91FD2CB91005278DB /* Products */;
			projectDirPath = "";
			projectRoot = "";
			targets = (
				552115831FDD120F00F90350 /* PiP */,
			);
		};
/* End PBXProject section */

/* Begin PBXResourcesBuildPhase section */
		552115821FDD120F00F90350 /* Resources */ = {
			isa = PBXResourcesBuildPhase;
			buildActionMask = 2147483647;
			files = (
				554AA7FC1FDDB16200233377 /* Media.xcassets in Resources */,
			);
			runOnlyForDeploymentPostprocessing = 0;
		};
/* End PBXResourcesBuildPhase section */

/* Begin PBXSourcesBuildPhase section */
		552115801FDD120F00F90350 /* Sources */ = {
			isa = PBXSourcesBuildPhase;
			buildActionMask = 2147483647;
			files = (
				559059281FDD13810003B647 /* main.m in Sources */,
				5590592A1FDD13810003B647 /* openGLView.m in Sources */,
				5590592B1FDD13810003B647 /* selectionView.m in Sources */,
				5590592C1FDD13810003B647 /* window.m in Sources */,
			);
			runOnlyForDeploymentPostprocessing = 0;
		};
/* End PBXSourcesBuildPhase section */

/* Begin XCBuildConfiguration section */
		552115921FDD120F00F90350 /* Debug */ = {
			isa = XCBuildConfiguration;
			buildSettings = {
				ASSETCATALOG_COMPILER_APPICON_NAME = AppIcon;
				ASSETCATALOG_COMPILER_LAUNCHIMAGE_NAME = AppIcon;
				CODE_SIGN_ENTITLEMENTS = "";
				CODE_SIGN_IDENTITY = "";
				CODE_SIGN_STYLE = Automatic;
				COMBINE_HIDPI_IMAGES = YES;
				FRAMEWORK_SEARCH_PATHS = (
					"$(inherited)",
					"$(SYSTEM_LIBRARY_DIR)/PrivateFrameworks",
				);
				INFOPLIST_FILE = pip/info.plist;
				LD_RUNPATH_SEARCH_PATHS = "$(inherited) @executable_path/../Frameworks";
				PRODUCT_BUNDLE_IDENTIFIER = com.boggyb.PiP;
				PRODUCT_NAME = "$(TARGET_NAME)";
			};
			name = Debug;
		};
		552115931FDD120F00F90350 /* Release */ = {
			isa = XCBuildConfiguration;
			buildSettings = {
				ASSETCATALOG_COMPILER_APPICON_NAME = AppIcon;
				ASSETCATALOG_COMPILER_LAUNCHIMAGE_NAME = AppIcon;
				CODE_SIGN_ENTITLEMENTS = "";
				CODE_SIGN_IDENTITY = "";
				CODE_SIGN_STYLE = Automatic;
				COMBINE_HIDPI_IMAGES = YES;
				FRAMEWORK_SEARCH_PATHS = (
					"$(inherited)",
					"$(SYSTEM_LIBRARY_DIR)/PrivateFrameworks",
				);
				INFOPLIST_FILE = pip/info.plist;
				LD_RUNPATH_SEARCH_PATHS = "$(inherited) @executable_path/../Frameworks";
				PRODUCT_BUNDLE_IDENTIFIER = com.boggyb.PiP;
				PRODUCT_NAME = "$(TARGET_NAME)";
			};
			name = Release;
		};
		55ABC4BD1FD2CB91005278DB /* Debug */ = {
			isa = XCBuildConfiguration;
			buildSettings = {
				ALWAYS_SEARCH_USER_PATHS = NO;
				CLANG_ANALYZER_NONNULL = YES;
				CLANG_ANALYZER_NUMBER_OBJECT_CONVERSION = YES_AGGRESSIVE;
				CLANG_CXX_LANGUAGE_STANDARD = "gnu++14";
				CLANG_CXX_LIBRARY = "libc++";
				CLANG_ENABLE_MODULES = YES;
				CLANG_ENABLE_OBJC_ARC = YES;
				CLANG_WARN_BLOCK_CAPTURE_AUTORELEASING = YES;
				CLANG_WARN_BOOL_CONVERSION = YES;
				CLANG_WARN_COMMA = YES;
				CLANG_WARN_CONSTANT_CONVERSION = YES;
				CLANG_WARN_DIRECT_OBJC_ISA_USAGE = YES_ERROR;
				CLANG_WARN_DOCUMENTATION_COMMENTS = YES;
				CLANG_WARN_EMPTY_BODY = YES;
				CLANG_WARN_ENUM_CONVERSION = YES;
				CLANG_WARN_INFINITE_RECURSION = YES;
				CLANG_WARN_INT_CONVERSION = YES;
				CLANG_WARN_NON_LITERAL_NULL_CONVERSION = YES;
				CLANG_WARN_OBJC_LITERAL_CONVERSION = YES;
				CLANG_WARN_OBJC_ROOT_CLASS = YES_ERROR;
				CLANG_WARN_RANGE_LOOP_ANALYSIS = YES;
				CLANG_WARN_STRICT_PROTOTYPES = YES;
				CLANG_WARN_SUSPICIOUS_MOVE = YES;
				CLANG_WARN_UNGUARDED_AVAILABILITY = YES_AGGRESSIVE;
				CLANG_WARN_UNREACHABLE_CODE = YES;
				CLANG_WARN__DUPLICATE_METHOD_MATCH = YES;
				CODE_SIGN_IDENTITY = "-";
				COPY_PHASE_STRIP = NO;
				DEBUG_INFORMATION_FORMAT = dwarf;
				ENABLE_STRICT_OBJC_MSGSEND = YES;
				ENABLE_TESTABILITY = YES;
				GCC_C_LANGUAGE_STANDARD = gnu11;
				GCC_DYNAMIC_NO_PIC = NO;
				GCC_NO_COMMON_BLOCKS = YES;
				GCC_OPTIMIZATION_LEVEL = 0;
				GCC_PREPROCESSOR_DEFINITIONS = (
					"DEBUG=1",
					"$(inherited)",
				);
				GCC_WARN_64_TO_32_BIT_CONVERSION = YES;
				GCC_WARN_ABOUT_RETURN_TYPE = YES_ERROR;
				GCC_WARN_UNDECLARED_SELECTOR = YES;
				GCC_WARN_UNINITIALIZED_AUTOS = YES_AGGRESSIVE;
				GCC_WARN_UNUSED_FUNCTION = YES;
				GCC_WARN_UNUSED_VARIABLE = YES;
				MACOSX_DEPLOYMENT_TARGET = 10.12;
				MTL_ENABLE_DEBUG_INFO = YES;
				ONLY_ACTIVE_ARCH = YES;
				SDKROOT = macosx;
			};
			name = Debug;
		};
		55ABC4BE1FD2CB91005278DB /* Release */ = {
			isa = XCBuildConfiguration;
			buildSettings = {
				ALWAYS_SEARCH_USER_PATHS = NO;
				CLANG_ANALYZER_NONNULL = YES;
				CLANG_ANALYZER_NUMBER_OBJECT_CONVERSION = YES_AGGRESSIVE;
				CLANG_CXX_LANGUAGE_STANDARD = "gnu++14";
				CLANG_CXX_LIBRARY = "libc++";
				CLANG_ENABLE_MODULES = YES;
				CLANG_ENABLE_OBJC_ARC = YES;
				CLANG_WARN_BLOCK_CAPTURE_AUTORELEASING = YES;
				CLANG_WARN_BOOL_CONVERSION = YES;
				CLANG_WARN_COMMA = YES;
				CLANG_WARN_CONSTANT_CONVERSION = YES;
				CLANG_WARN_DIRECT_OBJC_ISA_USAGE = YES_ERROR;
				CLANG_WARN_DOCUMENTATION_COMMENTS = YES;
				CLANG_WARN_EMPTY_BODY = YES;
				CLANG_WARN_ENUM_CONVERSION = YES;
				CLANG_WARN_INFINITE_RECURSION = YES;
				CLANG_WARN_INT_CONVERSION = YES;
				CLANG_WARN_NON_LITERAL_NULL_CONVERSION = YES;
				CLANG_WARN_OBJC_LITERAL_CONVERSION = YES;
				CLANG_WARN_OBJC_ROOT_CLASS = YES_ERROR;
				CLANG_WARN_RANGE_LOOP_ANALYSIS = YES;
				CLANG_WARN_STRICT_PROTOTYPES = YES;
				CLANG_WARN_SUSPICIOUS_MOVE = YES;
				CLANG_WARN_UNGUARDED_AVAILABILITY = YES_AGGRESSIVE;
				CLANG_WARN_UNREACHABLE_CODE = YES;
				CLANG_WARN__DUPLICATE_METHOD_MATCH = YES;
				CODE_SIGN_IDENTITY = "-";
				COPY_PHASE_STRIP = NO;
				DEBUG_INFORMATION_FORMAT = "dwarf-with-dsym";
				ENABLE_NS_ASSERTIONS = NO;
				ENABLE_STRICT_OBJC_MSGSEND = YES;
				GCC_C_LANGUAGE_STANDARD = gnu11;
				GCC_NO_COMMON_BLOCKS = YES;
				GCC_WARN_64_TO_32_BIT_CONVERSION = YES;
				GCC_WARN_ABOUT_RETURN_TYPE = YES_ERROR;
				GCC_WARN_UNDECLARED_SELECTOR = YES;
				GCC_WARN_UNINITIALIZED_AUTOS = YES_AGGRESSIVE;
				GCC_WARN_UNUSED_FUNCTION = YES;
				GCC_WARN_UNUSED_VARIABLE = YES;
				MACOSX_DEPLOYMENT_TARGET = 10.12;
				MTL_ENABLE_DEBUG_INFO = NO;
				SDKROOT = macosx;
			};
			name = Release;
		};
/* End XCBuildConfiguration section */

/* Begin XCConfigurationList section */
		552115941FDD120F00F90350 /* Build configuration list for PBXNativeTarget "PiP" */ = {
			isa = XCConfigurationList;
			buildConfigurations = (
				552115921FDD120F00F90350 /* Debug */,
				552115931FDD120F00F90350 /* Release */,
			);
			defaultConfigurationIsVisible = 0;
			defaultConfigurationName = Release;
		};
		55ABC4B31FD2CB91005278DB /* Build configuration list for PBXProject "pip" */ = {
			isa = XCConfigurationList;
			buildConfigurations = (
				55ABC4BD1FD2CB91005278DB /* Debug */,
				55ABC4BE1FD2CB91005278DB /* Release */,
			);
			defaultConfigurationIsVisible = 0;
			defaultConfigurationName = Release;
		};
/* End XCConfigurationList section */
	};
	rootObject = 55ABC4B01FD2CB91005278DB /* Project object */;
}
